
Microsoft Visual Studio Solution File, Format Version 12.00
# Visual Studio Version 17
VisualStudioVersion = 17.11.35312.102
MinimumVisualStudioVersion = 10.0.40219.1
Project("{FAE04EC0-301F-11D3-BF4B-00C04F79EFBC}") = "WinDigits", "WinDigits.csproj", "{3B4F570D-2E71-414B-B169-B0B59C968D5A}"
EndProject
Global
	GlobalSection(SolutionConfigurationPlatforms) = preSolution
		Debug|Any CPU = Debug|Any CPU
		Release|Any CPU = Release|Any CPU
	EndGlobalSection
	GlobalSection(ProjectConfigurationPlatforms) = postSolution
		{3B4F570D-2E71-414B-B169-B0B59C968D5A}.Debug|Any CPU.ActiveCfg = Debug|Any CPU
		{3B4F570D-2E71-414B-B169-B0B59C968D5A}.Debug|Any CPU.Build.0 = Debug|Any CPU
		{3B4F570D-2E71-414B-B169-B0B59C968D5A}.Release|Any CPU.ActiveCfg = Release|Any CPU
		{3B4F570D-2E71-414B-B169-B0B59C968D5A}.Release|Any CPU.Build.0 = Release|Any CPU
	EndGlobalSection
	GlobalSection(SolutionProperties) = preSolution
		HideSolutionNode = FALSE
	EndGlobalSection
	GlobalSection(ExtensibilityGlobals) = postSolution
		SolutionGuid = {F88C60CA-69E0-46B0-A4FA-CA3C55FB3F10}
	EndGlobalSection
EndGlobal
